
Microsoft Visual Studio Solution File, Format Version 12.00
# Visual Studio Version 16
VisualStudioVersion = 16.0.31911.196
MinimumVisualStudioVersion = 10.0.40219.1
Project("{FAE04EC0-301F-11D3-BF4B-00C04F79EFBC}") = "HOI4Tool", "HOI4Tool.csproj", "{AD678B07-4DEE-4B96-8F1D-96B61B40B76A}"
EndProject
Global
	GlobalSection(SolutionConfigurationPlatforms) = preSolution
		Debug|Any CPU = Debug|Any CPU
		Release|Any CPU = Release|Any CPU
	EndGlobalSection
	GlobalSection(ProjectConfigurationPlatforms) = postSolution
		{AD678B07-4DEE-4B96-8F1D-96B61B40B76A}.Debug|Any CPU.ActiveCfg = Debug|Any CPU
		{AD678B07-4DEE-4B96-8F1D-96B61B40B76A}.Debug|Any CPU.Build.0 = Debug|Any CPU
		{AD678B07-4DEE-4B96-8F1D-96B61B40B76A}.Release|Any CPU.ActiveCfg = Release|Any CPU
		{AD678B07-4DEE-4B96-8F1D-96B61B40B76A}.Release|Any CPU.Build.0 = Release|Any CPU
	EndGlobalSection
	GlobalSection(SolutionProperties) = preSolution
		HideSolutionNode = FALSE
	EndGlobalSection
	GlobalSection(ExtensibilityGlobals) = postSolution
		SolutionGuid = {FA021A96-1001-4ABA-8FB5-CBC544957B7A}
	EndGlobalSection
EndGlobal
